
Microsoft Visual Studio Solution File, Format Version 12.00
# Visual Studio 15
VisualStudioVersion = 15.0.28307.136
MinimumVisualStudioVersion = 10.0.40219.1
Project("{FAE04EC0-301F-11D3-BF4B-00C04F79EFBC}") = "PathTracer", "PathTracer\PathTracer.csproj", "{C0AE1EC8-14ED-475D-B40B-9CB8DD8FE654}"
EndProject
Global
	GlobalSection(SolutionConfigurationPlatforms) = preSolution
		Debug|Any CPU = Debug|Any CPU
		Release|Any CPU = Release|Any CPU
	EndGlobalSection
	GlobalSection(ProjectConfigurationPlatforms) = postSolution
		{C0AE1EC8-14ED-475D-B40B-9CB8DD8FE654}.Debug|Any CPU.ActiveCfg = Debug|Any CPU
		{C0AE1EC8-14ED-475D-B40B-9CB8DD8FE654}.Debug|Any CPU.Build.0 = Debug|Any CPU
		{C0AE1EC8-14ED-475D-B40B-9CB8DD8FE654}.Release|Any CPU.ActiveCfg = Release|Any CPU
		{C0AE1EC8-14ED-475D-B40B-9CB8DD8FE654}.Release|Any CPU.Build.0 = Release|Any CPU
	EndGlobalSection
	GlobalSection(SolutionProperties) = preSolution
		HideSolutionNode = FALSE
	EndGlobalSection
	GlobalSection(ExtensibilityGlobals) = postSolution
		SolutionGuid = {F3EAF6F2-E12B-4FF7-8A7A-91322835EC9D}
	EndGlobalSection
EndGlobal
